
Microsoft Visual Studio Solution File, Format Version 12.00
# Visual Studio Version 16
VisualStudioVersion = 16.0.31019.35
MinimumVisualStudioVersion = 10.0.40219.1
Project("{FAE04EC0-301F-11D3-BF4B-00C04F79EFBC}") = "ConsoleApp5", "ConsoleApp5\ConsoleApp5.csproj", "{2D64963D-352D-4FBC-9A9C-B608877FBE81}"
EndProject
Global
	GlobalSection(SolutionConfigurationPlatforms) = preSolution
		Debug|Any CPU = Debug|Any CPU
		Release|Any CPU = Release|Any CPU
	EndGlobalSection
	GlobalSection(ProjectConfigurationPlatforms) = postSolution
		{2D64963D-352D-4FBC-9A9C-B608877FBE81}.Debug|Any CPU.ActiveCfg = Debug|Any CPU
		{2D64963D-352D-4FBC-9A9C-B608877FBE81}.Debug|Any CPU.Build.0 = Debug|Any CPU
		{2D64963D-352D-4FBC-9A9C-B608877FBE81}.Release|Any CPU.ActiveCfg = Release|Any CPU
		{2D64963D-352D-4FBC-9A9C-B608877FBE81}.Release|Any CPU.Build.0 = Release|Any CPU
	EndGlobalSection
	GlobalSection(SolutionProperties) = preSolution
		HideSolutionNode = FALSE
	EndGlobalSection
	GlobalSection(ExtensibilityGlobals) = postSolution
		SolutionGuid = {765C7A53-DA12-4EE2-9E7B-306E2EDF80A0}
	EndGlobalSection
EndGlobal
